{
  "nodes": {
    "cachix": {
      "locked": {
        "lastModified": 1618859592,
        "narHash": "sha256-NkvtuKz1sgvZ0zdNQHLTQ23J2WJAckW8IRwffcecq0s=",
        "owner": "nixos",
        "repo": "nixpkgs",
        "rev": "7c23e16b65694437fcfbc4101755934cc0f56213",
        "type": "github"
      },
      "original": {
        "owner": "nixos",
        "ref": "nixos-20.09",
        "repo": "nixpkgs",
        "type": "github"
      }
    },
    "home": {
      "inputs": {
        "nixpkgs": [
          "nixpkgs"
        ]
      },
      "locked": {
        "lastModified": 1618949964,
        "narHash": "sha256-HPfDnfDZ90Dj3rhFkqLO0aUVNw47AxTvjQ9aW2XuWsM=",
        "owner": "nix-community",
        "repo": "home-manager",
        "rev": "0c236e13bc6b07a138a7a31fa408a73202cff28c",
        "type": "github"
      },
      "original": {
        "owner": "nix-community",
        "repo": "home-manager",
        "type": "github"
      }
    },
    "impermanence": {
      "flake": false,
      "locked": {
        "lastModified": 1611747548,
        "narHash": "sha256-2z5wmWda1uI4IkTZrW52jiHq3bzhYLc+GgjvaSd544M=",
        "owner": "nix-community",
        "repo": "impermanence",
        "rev": "58558845bc68dcf2bb32caa80564f7fe3f6cbc61",
        "type": "github"
      },
      "original": {
        "owner": "nix-community",
        "repo": "impermanence",
        "type": "github"
      }
    },
    "mynex": {
      "inputs": {
        "nixpkgs": [
          "nixpkgs"
        ]
      },
      "locked": {
        "lastModified": 1614175572,
        "narHash": "sha256-SyEZ0ic75KpvUr7VO3oqoMeyhQzgH8em0/oknG6b4y8=",
        "owner": "yusdacra",
        "repo": "nix-exprs",
        "rev": "c6c61fe656f6afa69ee4e7fdbc79289e42b857d6",
        "type": "gitlab"
      },
      "original": {
        "owner": "yusdacra",
        "repo": "nix-exprs",
        "type": "gitlab"
      }
    },
    "nixpkgs": {
      "locked": {
        "lastModified": 1618801528,
        "narHash": "sha256-1ru9LzP33ElEAZcDzYLgJQG3/uHhAg0LFJEfVZSOPZg=",
        "owner": "NixOS",
        "repo": "nixpkgs",
        "rev": "0a5f5bab0e08e968ef25cff393312aa51a3512cf",
        "type": "github"
      },
      "original": {
        "owner": "NixOS",
        "ref": "nixos-unstable",
        "repo": "nixpkgs",
        "type": "github"
      }
    },
    "nixpkgsWayland": {
      "inputs": {
        "cachix": "cachix",
        "nixpkgs": [
          "nixpkgs"
        ]
      },
      "locked": {
        "lastModified": 1618949005,
        "narHash": "sha256-5oVPq3gFW0PceUnjzpvffl9flTjaJltESl0HpVeymKI=",
        "owner": "colemickens",
        "repo": "nixpkgs-wayland",
        "rev": "a378868790892efacd54fd4ed35078a5efe54599",
        "type": "github"
      },
      "original": {
        "owner": "colemickens",
        "repo": "nixpkgs-wayland",
        "type": "github"
      }
    },
    "root": {
      "inputs": {
        "home": "home",
        "impermanence": "impermanence",
        "mynex": "mynex",
        "nixpkgs": "nixpkgs",
        "nixpkgsWayland": "nixpkgsWayland"
      }
    }
  },
  "root": "root",
  "version": 7
}
