{
  "nodes": {
    "nixpkgs": {
      "flake": false,
      "locked": {
        "lastModified": 1761512058,
        "narHash": "sha256-FYDC/VM/Tu7bJ9uwxmZqIhkz7QblCcp65+LMb4StGTY=",
        "owner": "NixOS",
        "repo": "nixpkgs",
        "rev": "42060c40fd43c114af7010980168f8dcba734d3b",
        "type": "github"
      },
      "original": {
        "owner": "NixOS",
        "repo": "nixpkgs",
        "rev": "42060c40fd43c114af7010980168f8dcba734d3b",
        "type": "github"
      }
    },
    "root": {
      "inputs": {
        "nixpkgs": "nixpkgs"
      }
    }
  },
  "root": "root",
  "version": 7
}
