{
  "nodes": {
    "cachix": {
      "locked": {
        "lastModified": 1611441711,
        "narHash": "sha256-a+2ndW606WZBoknqDEBD3RuxcnjvwfTfh2EoDzi+lZQ=",
        "owner": "nixos",
        "repo": "nixpkgs",
        "rev": "a058d005b3cbb370bf171ebce01839dd6ff52222",
        "type": "github"
      },
      "original": {
        "owner": "nixos",
        "ref": "nixos-20.09",
        "repo": "nixpkgs",
        "type": "github"
      }
    },
    "home": {
      "inputs": {
        "nixpkgs": [
          "nixpkgs"
        ]
      },
      "locked": {
        "lastModified": 1611422785,
        "narHash": "sha256-6XylW5uQ/Hr2BkmOFzLdBxE8qSQNtoWL60LcpCl3Qcw=",
        "owner": "nix-community",
        "repo": "home-manager",
        "rev": "c137866bd7d2a9c2010b618252694f395453cf59",
        "type": "github"
      },
      "original": {
        "owner": "nix-community",
        "repo": "home-manager",
        "type": "github"
      }
    },
    "impermanence": {
      "flake": false,
      "locked": {
        "lastModified": 1611415204,
        "narHash": "sha256-5JP3T3iTnEdEGlviGI74TLcV7DAWkFuL4hEc7GjRjqU=",
        "owner": "nix-community",
        "repo": "impermanence",
        "rev": "41bddc6661f623141cdeb4b662de7c435add69f7",
        "type": "github"
      },
      "original": {
        "owner": "nix-community",
        "repo": "impermanence",
        "type": "github"
      }
    },
    "lldbpkgs": {
      "locked": {
        "lastModified": 1610289362,
        "narHash": "sha256-vAA4Uef2b1mvnRRqONRoSfHaT7okGPi9kEataxE72zs=",
        "owner": "oxalica",
        "repo": "nixpkgs",
        "rev": "871ca2455a75af983dafa16a01de3df09e15c497",
        "type": "github"
      },
      "original": {
        "owner": "oxalica",
        "ref": "vscode-lldb",
        "repo": "nixpkgs",
        "type": "github"
      }
    },
    "mynex": {
      "inputs": {
        "nixpkgs": [
          "nixpkgs"
        ]
      },
      "locked": {
        "lastModified": 1607689647,
        "narHash": "sha256-pUpUCcp8usppbByFveRrV2NNS5sFrlvMndZt7xYOQL4=",
        "owner": "yusdacra",
        "repo": "nix-exprs",
        "rev": "e9c16b956180d23c3cb8ec3e2843b2be662d43ef",
        "type": "gitlab"
      },
      "original": {
        "owner": "yusdacra",
        "repo": "nix-exprs",
        "type": "gitlab"
      }
    },
    "nixpkgs": {
      "locked": {
        "lastModified": 1611418744,
        "narHash": "sha256-U3zBKPZ9O7bbYOWY+tTg4tkaJ9uWgU1BADRjtazFmmU=",
        "owner": "NixOS",
        "repo": "nixpkgs",
        "rev": "ec334a1b01c491faa3463c96717b71921dddef2c",
        "type": "github"
      },
      "original": {
        "owner": "NixOS",
        "ref": "nixos-unstable-small",
        "repo": "nixpkgs",
        "type": "github"
      }
    },
    "nixpkgsWayland": {
      "inputs": {
        "cachix": "cachix",
        "nixpkgs": [
          "nixpkgs"
        ],
        "unstableSmall": [
          "nixpkgs"
        ]
      },
      "locked": {
        "lastModified": 1611489758,
        "narHash": "sha256-j2AZH9rO80vvreIJuY0iZm5KZ4uH5UhXRrYrZ/GeebY=",
        "owner": "colemickens",
        "repo": "nixpkgs-wayland",
        "rev": "2a53d3283c1b547b81852b8a6107ee1769abab69",
        "type": "github"
      },
      "original": {
        "owner": "colemickens",
        "repo": "nixpkgs-wayland",
        "type": "github"
      }
    },
    "root": {
      "inputs": {
        "home": "home",
        "impermanence": "impermanence",
        "lldbpkgs": "lldbpkgs",
        "mynex": "mynex",
        "nixpkgs": "nixpkgs",
        "nixpkgsWayland": "nixpkgsWayland"
      }
    }
  },
  "root": "root",
  "version": 7
}
